
Microsoft Visual Studio Solution File, Format Version 12.00
# Visual Studio Version 17
VisualStudioVersion = 17.14.37203.1 d17.14
MinimumVisualStudioVersion = 10.0.40219.1
Project("{FAE04EC0-301F-11D3-BF4B-00C04F79EFBC}") = "App01", "App01\App01.csproj", "{7F291780-312A-42C7-B1CF-5AD3F447FA76}"
EndProject
Project("{FAE04EC0-301F-11D3-BF4B-00C04F79EFBC}") = "App02", "App02\App02.csproj", "{F6796D2D-F43B-4166-8AB1-8E221BF6F204}"
EndProject
Project("{FAE04EC0-301F-11D3-BF4B-00C04F79EFBC}") = "App03", "App03\App03.csproj", "{19F0E2E9-E2F6-4BF5-9769-5AA968332995}"
EndProject
Project("{FAE04EC0-301F-11D3-BF4B-00C04F79EFBC}") = "App04", "App04\App04.csproj", "{46F417E2-4AAE-42DE-BF46-181D8991B389}"
EndProject
Project("{FAE04EC0-301F-11D3-BF4B-00C04F79EFBC}") = "App05", "App05\App05.csproj", "{D91B8115-49EB-4FBB-9385-6AF52465B04B}"
EndProject
Project("{FAE04EC0-301F-11D3-BF4B-00C04F79EFBC}") = "App06", "App06\App06.csproj", "{0B8887CA-C412-44A8-B002-6D699B1072C6}"
EndProject
Project("{FAE04EC0-301F-11D3-BF4B-00C04F79EFBC}") = "App07", "App07\App07.csproj", "{0361C49A-EB43-4F4E-9F43-4145BB8E2A8E}"
EndProject
Project("{FAE04EC0-301F-11D3-BF4B-00C04F79EFBC}") = "Maui01", "Maui01\Maui01.csproj", "{157F9E88-BD28-4C1D-8B7A-CE82149E9781}"
EndProject
Project("{FAE04EC0-301F-11D3-BF4B-00C04F79EFBC}") = "Maui02", "Maui02\Maui02.csproj", "{2F19B3C9-32DB-4BBE-BD30-54D942A86544}"
EndProject
Project("{FAE04EC0-301F-11D3-BF4B-00C04F79EFBC}") = "Maui03", "Maui03\Maui03.csproj", "{AFD64897-4B86-40DD-ACFB-DB2786DD6B8D}"
EndProject
Project("{FAE04EC0-301F-11D3-BF4B-00C04F79EFBC}") = "Maui04", "Maui04\Maui04.csproj", "{79E41668-13C2-4E01-9B21-887D4DD86951}"
EndProject
Project("{FAE04EC0-301F-11D3-BF4B-00C04F79EFBC}") = "Riconoscitore_ConsoleApp1", "Riconoscitore_ConsoleApp1\Riconoscitore_ConsoleApp1.csproj", "{8768C4AA-4265-8C7F-5E77-7EBD5B4FD67D}"
EndProject
Global
	GlobalSection(SolutionConfigurationPlatforms) = preSolution
		Debug|Any CPU = Debug|Any CPU
		Debug|ARM32 = Debug|ARM32
		Debug|ARM64 = Debug|ARM64
		Debug|x64 = Debug|x64
		Debug|x86 = Debug|x86
		Release|Any CPU = Release|Any CPU
		Release|ARM32 = Release|ARM32
		Release|ARM64 = Release|ARM64
		Release|x64 = Release|x64
		Release|x86 = Release|x86
	EndGlobalSection
	GlobalSection(ProjectConfigurationPlatforms) = postSolution
		{7F291780-312A-42C7-B1CF-5AD3F447FA76}.Debug|Any CPU.ActiveCfg = Debug|Any CPU
		{7F291780-312A-42C7-B1CF-5AD3F447FA76}.Debug|Any CPU.Build.0 = Debug|Any CPU
		{7F291780-312A-42C7-B1CF-5AD3F447FA76}.Debug|ARM32.ActiveCfg = Debug|Any CPU
		{7F291780-312A-42C7-B1CF-5AD3F447FA76}.Debug|ARM32.Build.0 = Debug|Any CPU
		{7F291780-312A-42C7-B1CF-5AD3F447FA76}.Debug|ARM64.ActiveCfg = Debug|Any CPU
		{7F291780-312A-42C7-B1CF-5AD3F447FA76}.Debug|ARM64.Build.0 = Debug|Any CPU
		{7F291780-312A-42C7-B1CF-5AD3F447FA76}.Debug|x64.ActiveCfg = Debug|Any CPU
		{7F291780-312A-42C7-B1CF-5AD3F447FA76}.Debug|x64.Build.0 = Debug|Any CPU
		{7F291780-312A-42C7-B1CF-5AD3F447FA76}.Debug|x86.ActiveCfg = Debug|Any CPU
		{7F291780-312A-42C7-B1CF-5AD3F447FA76}.Debug|x86.Build.0 = Debug|Any CPU
		{7F291780-312A-42C7-B1CF-5AD3F447FA76}.Release|Any CPU.ActiveCfg = Release|Any CPU
		{7F291780-312A-42C7-B1CF-5AD3F447FA76}.Release|Any CPU.Build.0 = Release|Any CPU
		{7F291780-312A-42C7-B1CF-5AD3F447FA76}.Release|ARM32.ActiveCfg = Release|Any CPU
		{7F291780-312A-42C7-B1CF-5AD3F447FA76}.Release|ARM32.Build.0 = Release|Any CPU
		{7F291780-312A-42C7-B1CF-5AD3F447FA76}.Release|ARM64.ActiveCfg = Release|Any CPU
		{7F291780-312A-42C7-B1CF-5AD3F447FA76}.Release|ARM64.Build.0 = Release|Any CPU
		{7F291780-312A-42C7-B1CF-5AD3F447FA76}.Release|x64.ActiveCfg = Release|Any CPU
		{7F291780-312A-42C7-B1CF-5AD3F447FA76}.Release|x64.Build.0 = Release|Any CPU
		{7F291780-312A-42C7-B1CF-5AD3F447FA76}.Release|x86.ActiveCfg = Release|Any CPU
		{7F291780-312A-42C7-B1CF-5AD3F447FA76}.Release|x86.Build.0 = Release|Any CPU
		{F6796D2D-F43B-4166-8AB1-8E221BF6F204}.Debug|Any CPU.ActiveCfg = Debug|Any CPU
		{F6796D2D-F43B-4166-8AB1-8E221BF6F204}.Debug|Any CPU.Build.0 = Debug|Any CPU
		{F6796D2D-F43B-4166-8AB1-8E221BF6F204}.Debug|ARM32.ActiveCfg = Debug|Any CPU
		{F6796D2D-F43B-4166-8AB1-8E221BF6F204}.Debug|ARM32.Build.0 = Debug|Any CPU
		{F6796D2D-F43B-4166-8AB1-8E221BF6F204}.Debug|ARM64.ActiveCfg = Debug|Any CPU
		{F6796D2D-F43B-4166-8AB1-8E221BF6F204}.Debug|ARM64.Build.0 = Debug|Any CPU
		{F6796D2D-F43B-4166-8AB1-8E221BF6F204}.Debug|x64.ActiveCfg = Debug|Any CPU
		{F6796D2D-F43B-4166-8AB1-8E221BF6F204}.Debug|x64.Build.0 = Debug|Any CPU
		{F6796D2D-F43B-4166-8AB1-8E221BF6F204}.Debug|x86.ActiveCfg = Debug|Any CPU
		{F6796D2D-F43B-4166-8AB1-8E221BF6F204}.Debug|x86.Build.0 = Debug|Any CPU
		{F6796D2D-F43B-4166-8AB1-8E221BF6F204}.Release|Any CPU.ActiveCfg = Release|Any CPU
		{F6796D2D-F43B-4166-8AB1-8E221BF6F204}.Release|Any CPU.Build.0 = Release|Any CPU
		{F6796D2D-F43B-4166-8AB1-8E221BF6F204}.Release|ARM32.ActiveCfg = Release|Any CPU
		{F6796D2D-F43B-4166-8AB1-8E221BF6F204}.Release|ARM32.Build.0 = Release|Any CPU
		{F6796D2D-F43B-4166-8AB1-8E221BF6F204}.Release|ARM64.ActiveCfg = Release|Any CPU
		{F6796D2D-F43B-4166-8AB1-8E221BF6F204}.Release|ARM64.Build.0 = Release|Any CPU
		{F6796D2D-F43B-4166-8AB1-8E221BF6F204}.Release|x64.ActiveCfg = Release|Any CPU
		{F6796D2D-F43B-4166-8AB1-8E221BF6F204}.Release|x64.Build.0 = Release|Any CPU
		{F6796D2D-F43B-4166-8AB1-8E221BF6F204}.Release|x86.ActiveCfg = Release|Any CPU
		{F6796D2D-F43B-4166-8AB1-8E221BF6F204}.Release|x86.Build.0 = Release|Any CPU
		{19F0E2E9-E2F6-4BF5-9769-5AA968332995}.Debug|Any CPU.ActiveCfg = Debug|Any CPU
		{19F0E2E9-E2F6-4BF5-9769-5AA968332995}.Debug|Any CPU.Build.0 = Debug|Any CPU
		{19F0E2E9-E2F6-4BF5-9769-5AA968332995}.Debug|ARM32.ActiveCfg = Debug|Any CPU
		{19F0E2E9-E2F6-4BF5-9769-5AA968332995}.Debug|ARM32.Build.0 = Debug|Any CPU
		{19F0E2E9-E2F6-4BF5-9769-5AA968332995}.Debug|ARM64.ActiveCfg = Debug|Any CPU
		{19F0E2E9-E2F6-4BF5-9769-5AA968332995}.Debug|ARM64.Build.0 = Debug|Any CPU
		{19F0E2E9-E2F6-4BF5-9769-5AA968332995}.Debug|x64.ActiveCfg = Debug|Any CPU
		{19F0E2E9-E2F6-4BF5-9769-5AA968332995}.Debug|x64.Build.0 = Debug|Any CPU
		{19F0E2E9-E2F6-4BF5-9769-5AA968332995}.Debug|x86.ActiveCfg = Debug|Any CPU
		{19F0E2E9-E2F6-4BF5-9769-5AA968332995}.Debug|x86.Build.0 = Debug|Any CPU
		{19F0E2E9-E2F6-4BF5-9769-5AA968332995}.Release|Any CPU.ActiveCfg = Release|Any CPU
		{19F0E2E9-E2F6-4BF5-9769-5AA968332995}.Release|Any CPU.Build.0 = Release|Any CPU
		{19F0E2E9-E2F6-4BF5-9769-5AA968332995}.Release|ARM32.ActiveCfg = Release|Any CPU
		{19F0E2E9-E2F6-4BF5-9769-5AA968332995}.Release|ARM32.Build.0 = Release|Any CPU
		{19F0E2E9-E2F6-4BF5-9769-5AA968332995}.Release|ARM64.ActiveCfg = Release|Any CPU
		{19F0E2E9-E2F6-4BF5-9769-5AA968332995}.Release|ARM64.Build.0 = Release|Any CPU
		{19F0E2E9-E2F6-4BF5-9769-5AA968332995}.Release|x64.ActiveCfg = Release|Any CPU
		{19F0E2E9-E2F6-4BF5-9769-5AA968332995}.Release|x64.Build.0 = Release|Any CPU
		{19F0E2E9-E2F6-4BF5-9769-5AA968332995}.Release|x86.ActiveCfg = Release|Any CPU
		{19F0E2E9-E2F6-4BF5-9769-5AA968332995}.Release|x86.Build.0 = Release|Any CPU
		{46F417E2-4AAE-42DE-BF46-181D8991B389}.Debug|Any CPU.ActiveCfg = Debug|Any CPU
		{46F417E2-4AAE-42DE-BF46-181D8991B389}.Debug|Any CPU.Build.0 = Debug|Any CPU
		{46F417E2-4AAE-42DE-BF46-181D8991B389}.Debug|ARM32.ActiveCfg = Debug|Any CPU
		{46F417E2-4AAE-42DE-BF46-181D8991B389}.Debug|ARM32.Build.0 = Debug|Any CPU
		{46F417E2-4AAE-42DE-BF46-181D8991B389}.Debug|ARM64.ActiveCfg = Debug|Any CPU
		{46F417E2-4AAE-42DE-BF46-181D8991B389}.Debug|ARM64.Build.0 = Debug|Any CPU
		{46F417E2-4AAE-42DE-BF46-181D8991B389}.Debug|x64.ActiveCfg = Debug|Any CPU
		{46F417E2-4AAE-42DE-BF46-181D8991B389}.Debug|x64.Build.0 = Debug|Any CPU
		{46F417E2-4AAE-42DE-BF46-181D8991B389}.Debug|x86.ActiveCfg = Debug|Any CPU
		{46F417E2-4AAE-42DE-BF46-181D8991B389}.Debug|x86.Build.0 = Debug|Any CPU
		{46F417E2-4AAE-42DE-BF46-181D8991B389}.Release|Any CPU.ActiveCfg = Release|Any CPU
		{46F417E2-4AAE-42DE-BF46-181D8991B389}.Release|Any CPU.Build.0 = Release|Any CPU
		{46F417E2-4AAE-42DE-BF46-181D8991B389}.Release|ARM32.ActiveCfg = Release|Any CPU
		{46F417E2-4AAE-42DE-BF46-181D8991B389}.Release|ARM32.Build.0 = Release|Any CPU
		{46F417E2-4AAE-42DE-BF46-181D8991B389}.Release|ARM64.ActiveCfg = Release|Any CPU
		{46F417E2-4AAE-42DE-BF46-181D8991B389}.Release|ARM64.Build.0 = Release|Any CPU
		{46F417E2-4AAE-42DE-BF46-181D8991B389}.Release|x64.ActiveCfg = Release|Any CPU
		{46F417E2-4AAE-42DE-BF46-181D8991B389}.Release|x64.Build.0 = Release|Any CPU
		{46F417E2-4AAE-42DE-BF46-181D8991B389}.Release|x86.ActiveCfg = Release|Any CPU
		{46F417E2-4AAE-42DE-BF46-181D8991B389}.Release|x86.Build.0 = Release|Any CPU
		{D91B8115-49EB-4FBB-9385-6AF52465B04B}.Debug|Any CPU.ActiveCfg = Debug|Any CPU
		{D91B8115-49EB-4FBB-9385-6AF52465B04B}.Debug|Any CPU.Build.0 = Debug|Any CPU
		{D91B8115-49EB-4FBB-9385-6AF52465B04B}.Debug|ARM32.ActiveCfg = Debug|Any CPU
		{D91B8115-49EB-4FBB-9385-6AF52465B04B}.Debug|ARM32.Build.0 = Debug|Any CPU
		{D91B8115-49EB-4FBB-9385-6AF52465B04B}.Debug|ARM64.ActiveCfg = Debug|Any CPU
		{D91B8115-49EB-4FBB-9385-6AF52465B04B}.Debug|ARM64.Build.0 = Debug|Any CPU
		{D91B8115-49EB-4FBB-9385-6AF52465B04B}.Debug|x64.ActiveCfg = Debug|Any CPU
		{D91B8115-49EB-4FBB-9385-6AF52465B04B}.Debug|x64.Build.0 = Debug|Any CPU
		{D91B8115-49EB-4FBB-9385-6AF52465B04B}.Debug|x86.ActiveCfg = Debug|Any CPU
		{D91B8115-49EB-4FBB-9385-6AF52465B04B}.Debug|x86.Build.0 = Debug|Any CPU
		{D91B8115-49EB-4FBB-9385-6AF52465B04B}.Release|Any CPU.ActiveCfg = Release|Any CPU
		{D91B8115-49EB-4FBB-9385-6AF52465B04B}.Release|Any CPU.Build.0 = Release|Any CPU
		{D91B8115-49EB-4FBB-9385-6AF52465B04B}.Release|ARM32.ActiveCfg = Release|Any CPU
		{D91B8115-49EB-4FBB-9385-6AF52465B04B}.Release|ARM32.Build.0 = Release|Any CPU
		{D91B8115-49EB-4FBB-9385-6AF52465B04B}.Release|ARM64.ActiveCfg = Release|Any CPU
		{D91B8115-49EB-4FBB-9385-6AF52465B04B}.Release|ARM64.Build.0 = Release|Any CPU
		{D91B8115-49EB-4FBB-9385-6AF52465B04B}.Release|x64.ActiveCfg = Release|Any CPU
		{D91B8115-49EB-4FBB-9385-6AF52465B04B}.Release|x64.Build.0 = Release|Any CPU
		{D91B8115-49EB-4FBB-9385-6AF52465B04B}.Release|x86.ActiveCfg = Release|Any CPU
		{D91B8115-49EB-4FBB-9385-6AF52465B04B}.Release|x86.Build.0 = Release|Any CPU
		{0B8887CA-C412-44A8-B002-6D699B1072C6}.Debug|Any CPU.ActiveCfg = Debug|Any CPU
		{0B8887CA-C412-44A8-B002-6D699B1072C6}.Debug|Any CPU.Build.0 = Debug|Any CPU
		{0B8887CA-C412-44A8-B002-6D699B1072C6}.Debug|ARM32.ActiveCfg = Debug|Any CPU
		{0B8887CA-C412-44A8-B002-6D699B1072C6}.Debug|ARM32.Build.0 = Debug|Any CPU
		{0B8887CA-C412-44A8-B002-6D699B1072C6}.Debug|ARM64.ActiveCfg = Debug|Any CPU
		{0B8887CA-C412-44A8-B002-6D699B1072C6}.Debug|ARM64.Build.0 = Debug|Any CPU
		{0B8887CA-C412-44A8-B002-6D699B1072C6}.Debug|x64.ActiveCfg = Debug|Any CPU
		{0B8887CA-C412-44A8-B002-6D699B1072C6}.Debug|x64.Build.0 = Debug|Any CPU
		{0B8887CA-C412-44A8-B002-6D699B1072C6}.Debug|x86.ActiveCfg = Debug|Any CPU
		{0B8887CA-C412-44A8-B002-6D699B1072C6}.Debug|x86.Build.0 = Debug|Any CPU
		{0B8887CA-C412-44A8-B002-6D699B1072C6}.Release|Any CPU.ActiveCfg = Release|Any CPU
		{0B8887CA-C412-44A8-B002-6D699B1072C6}.Release|Any CPU.Build.0 = Release|Any CPU
		{0B8887CA-C412-44A8-B002-6D699B1072C6}.Release|ARM32.ActiveCfg = Release|Any CPU
		{0B8887CA-C412-44A8-B002-6D699B1072C6}.Release|ARM32.Build.0 = Release|Any CPU
		{0B8887CA-C412-44A8-B002-6D699B1072C6}.Release|ARM64.ActiveCfg = Release|Any CPU
		{0B8887CA-C412-44A8-B002-6D699B1072C6}.Release|ARM64.Build.0 = Release|Any CPU
		{0B8887CA-C412-44A8-B002-6D699B1072C6}.Release|x64.ActiveCfg = Release|Any CPU
		{0B8887CA-C412-44A8-B002-6D699B1072C6}.Release|x64.Build.0 = Release|Any CPU
		{0B8887CA-C412-44A8-B002-6D699B1072C6}.Release|x86.ActiveCfg = Release|Any CPU
		{0B8887CA-C412-44A8-B002-6D699B1072C6}.Release|x86.Build.0 = Release|Any CPU
		{0361C49A-EB43-4F4E-9F43-4145BB8E2A8E}.Debug|Any CPU.ActiveCfg = Debug|Any CPU
		{0361C49A-EB43-4F4E-9F43-4145BB8E2A8E}.Debug|Any CPU.Build.0 = Debug|Any CPU
		{0361C49A-EB43-4F4E-9F43-4145BB8E2A8E}.Debug|ARM32.ActiveCfg = Debug|Any CPU
		{0361C49A-EB43-4F4E-9F43-4145BB8E2A8E}.Debug|ARM32.Build.0 = Debug|Any CPU
		{0361C49A-EB43-4F4E-9F43-4145BB8E2A8E}.Debug|ARM64.ActiveCfg = Debug|Any CPU
		{0361C49A-EB43-4F4E-9F43-4145BB8E2A8E}.Debug|ARM64.Build.0 = Debug|Any CPU
		{0361C49A-EB43-4F4E-9F43-4145BB8E2A8E}.Debug|x64.ActiveCfg = Debug|Any CPU
		{0361C49A-EB43-4F4E-9F43-4145BB8E2A8E}.Debug|x64.Build.0 = Debug|Any CPU
		{0361C49A-EB43-4F4E-9F43-4145BB8E2A8E}.Debug|x86.ActiveCfg = Debug|Any CPU
		{0361C49A-EB43-4F4E-9F43-4145BB8E2A8E}.Debug|x86.Build.0 = Debug|Any CPU
		{0361C49A-EB43-4F4E-9F43-4145BB8E2A8E}.Release|Any CPU.ActiveCfg = Release|Any CPU
		{0361C49A-EB43-4F4E-9F43-4145BB8E2A8E}.Release|Any CPU.Build.0 = Release|Any CPU
		{0361C49A-EB43-4F4E-9F43-4145BB8E2A8E}.Release|ARM32.ActiveCfg = Release|Any CPU
		{0361C49A-EB43-4F4E-9F43-4145BB8E2A8E}.Release|ARM32.Build.0 = Release|Any CPU
		{0361C49A-EB43-4F4E-9F43-4145BB8E2A8E}.Release|ARM64.ActiveCfg = Release|Any CPU
		{0361C49A-EB43-4F4E-9F43-4145BB8E2A8E}.Release|ARM64.Build.0 = Release|Any CPU
		{0361C49A-EB43-4F4E-9F43-4145BB8E2A8E}.Release|x64.ActiveCfg = Release|Any CPU
		{0361C49A-EB43-4F4E-9F43-4145BB8E2A8E}.Release|x64.Build.0 = Release|Any CPU
		{0361C49A-EB43-4F4E-9F43-4145BB8E2A8E}.Release|x86.ActiveCfg = Release|Any CPU
		{0361C49A-EB43-4F4E-9F43-4145BB8E2A8E}.Release|x86.Build.0 = Release|Any CPU
		{157F9E88-BD28-4C1D-8B7A-CE82149E9781}.Debug|Any CPU.ActiveCfg = Debug|Any CPU
		{157F9E88-BD28-4C1D-8B7A-CE82149E9781}.Debug|Any CPU.Build.0 = Debug|Any CPU
		{157F9E88-BD28-4C1D-8B7A-CE82149E9781}.Debug|Any CPU.Deploy.0 = Debug|Any CPU
		{157F9E88-BD28-4C1D-8B7A-CE82149E9781}.Debug|ARM32.ActiveCfg = Debug|Any CPU
		{157F9E88-BD28-4C1D-8B7A-CE82149E9781}.Debug|ARM32.Build.0 = Debug|Any CPU
		{157F9E88-BD28-4C1D-8B7A-CE82149E9781}.Debug|ARM64.ActiveCfg = Debug|Any CPU
		{157F9E88-BD28-4C1D-8B7A-CE82149E9781}.Debug|ARM64.Build.0 = Debug|Any CPU
		{157F9E88-BD28-4C1D-8B7A-CE82149E9781}.Debug|x64.ActiveCfg = Debug|Any CPU
		{157F9E88-BD28-4C1D-8B7A-CE82149E9781}.Debug|x64.Build.0 = Debug|Any CPU
		{157F9E88-BD28-4C1D-8B7A-CE82149E9781}.Debug|x86.ActiveCfg = Debug|Any CPU
		{157F9E88-BD28-4C1D-8B7A-CE82149E9781}.Debug|x86.Build.0 = Debug|Any CPU
		{157F9E88-BD28-4C1D-8B7A-CE82149E9781}.Release|Any CPU.ActiveCfg = Release|Any CPU
		{157F9E88-BD28-4C1D-8B7A-CE82149E9781}.Release|Any CPU.Build.0 = Release|Any CPU
		{157F9E88-BD28-4C1D-8B7A-CE82149E9781}.Release|Any CPU.Deploy.0 = Release|Any CPU
		{157F9E88-BD28-4C1D-8B7A-CE82149E9781}.Release|ARM32.ActiveCfg = Release|Any CPU
		{157F9E88-BD28-4C1D-8B7A-CE82149E9781}.Release|ARM32.Build.0 = Release|Any CPU
		{157F9E88-BD28-4C1D-8B7A-CE82149E9781}.Release|ARM64.ActiveCfg = Release|Any CPU
		{157F9E88-BD28-4C1D-8B7A-CE82149E9781}.Release|ARM64.Build.0 = Release|Any CPU
		{157F9E88-BD28-4C1D-8B7A-CE82149E9781}.Release|x64.ActiveCfg = Release|Any CPU
		{157F9E88-BD28-4C1D-8B7A-CE82149E9781}.Release|x64.Build.0 = Release|Any CPU
		{157F9E88-BD28-4C1D-8B7A-CE82149E9781}.Release|x86.ActiveCfg = Release|Any CPU
		{157F9E88-BD28-4C1D-8B7A-CE82149E9781}.Release|x86.Build.0 = Release|Any CPU
		{2F19B3C9-32DB-4BBE-BD30-54D942A86544}.Debug|Any CPU.ActiveCfg = Debug|Any CPU
		{2F19B3C9-32DB-4BBE-BD30-54D942A86544}.Debug|Any CPU.Build.0 = Debug|Any CPU
		{2F19B3C9-32DB-4BBE-BD30-54D942A86544}.Debug|Any CPU.Deploy.0 = Debug|Any CPU
		{2F19B3C9-32DB-4BBE-BD30-54D942A86544}.Debug|ARM32.ActiveCfg = Debug|Any CPU
		{2F19B3C9-32DB-4BBE-BD30-54D942A86544}.Debug|ARM32.Build.0 = Debug|Any CPU
		{2F19B3C9-32DB-4BBE-BD30-54D942A86544}.Debug|ARM64.ActiveCfg = Debug|Any CPU
		{2F19B3C9-32DB-4BBE-BD30-54D942A86544}.Debug|ARM64.Build.0 = Debug|Any CPU
		{2F19B3C9-32DB-4BBE-BD30-54D942A86544}.Debug|x64.ActiveCfg = Debug|Any CPU
		{2F19B3C9-32DB-4BBE-BD30-54D942A86544}.Debug|x64.Build.0 = Debug|Any CPU
		{2F19B3C9-32DB-4BBE-BD30-54D942A86544}.Debug|x86.ActiveCfg = Debug|Any CPU
		{2F19B3C9-32DB-4BBE-BD30-54D942A86544}.Debug|x86.Build.0 = Debug|Any CPU
		{2F19B3C9-32DB-4BBE-BD30-54D942A86544}.Release|Any CPU.ActiveCfg = Release|Any CPU
		{2F19B3C9-32DB-4BBE-BD30-54D942A86544}.Release|Any CPU.Build.0 = Release|Any CPU
		{2F19B3C9-32DB-4BBE-BD30-54D942A86544}.Release|Any CPU.Deploy.0 = Release|Any CPU
		{2F19B3C9-32DB-4BBE-BD30-54D942A86544}.Release|ARM32.ActiveCfg = Release|Any CPU
		{2F19B3C9-32DB-4BBE-BD30-54D942A86544}.Release|ARM32.Build.0 = Release|Any CPU
		{2F19B3C9-32DB-4BBE-BD30-54D942A86544}.Release|ARM64.ActiveCfg = Release|Any CPU
		{2F19B3C9-32DB-4BBE-BD30-54D942A86544}.Release|ARM64.Build.0 = Release|Any CPU
		{2F19B3C9-32DB-4BBE-BD30-54D942A86544}.Release|x64.ActiveCfg = Release|Any CPU
		{2F19B3C9-32DB-4BBE-BD30-54D942A86544}.Release|x64.Build.0 = Release|Any CPU
		{2F19B3C9-32DB-4BBE-BD30-54D942A86544}.Release|x86.ActiveCfg = Release|Any CPU
		{2F19B3C9-32DB-4BBE-BD30-54D942A86544}.Release|x86.Build.0 = Release|Any CPU
		{AFD64897-4B86-40DD-ACFB-DB2786DD6B8D}.Debug|Any CPU.ActiveCfg = Debug|Any CPU
		{AFD64897-4B86-40DD-ACFB-DB2786DD6B8D}.Debug|Any CPU.Build.0 = Debug|Any CPU
		{AFD64897-4B86-40DD-ACFB-DB2786DD6B8D}.Debug|Any CPU.Deploy.0 = Debug|Any CPU
		{AFD64897-4B86-40DD-ACFB-DB2786DD6B8D}.Debug|ARM32.ActiveCfg = Debug|Any CPU
		{AFD64897-4B86-40DD-ACFB-DB2786DD6B8D}.Debug|ARM32.Build.0 = Debug|Any CPU
		{AFD64897-4B86-40DD-ACFB-DB2786DD6B8D}.Debug|ARM64.ActiveCfg = Debug|Any CPU
		{AFD64897-4B86-40DD-ACFB-DB2786DD6B8D}.Debug|ARM64.Build.0 = Debug|Any CPU
		{AFD64897-4B86-40DD-ACFB-DB2786DD6B8D}.Debug|x64.ActiveCfg = Debug|Any CPU
		{AFD64897-4B86-40DD-ACFB-DB2786DD6B8D}.Debug|x64.Build.0 = Debug|Any CPU
		{AFD64897-4B86-40DD-ACFB-DB2786DD6B8D}.Debug|x86.ActiveCfg = Debug|Any CPU
		{AFD64897-4B86-40DD-ACFB-DB2786DD6B8D}.Debug|x86.Build.0 = Debug|Any CPU
		{AFD64897-4B86-40DD-ACFB-DB2786DD6B8D}.Release|Any CPU.ActiveCfg = Release|Any CPU
		{AFD64897-4B86-40DD-ACFB-DB2786DD6B8D}.Release|Any CPU.Build.0 = Release|Any CPU
		{AFD64897-4B86-40DD-ACFB-DB2786DD6B8D}.Release|ARM32.ActiveCfg = Release|Any CPU
		{AFD64897-4B86-40DD-ACFB-DB2786DD6B8D}.Release|ARM32.Build.0 = Release|Any CPU
		{AFD64897-4B86-40DD-ACFB-DB2786DD6B8D}.Release|ARM64.ActiveCfg = Release|Any CPU
		{AFD64897-4B86-40DD-ACFB-DB2786DD6B8D}.Release|ARM64.Build.0 = Release|Any CPU
		{AFD64897-4B86-40DD-ACFB-DB2786DD6B8D}.Release|x64.ActiveCfg = Release|Any CPU
		{AFD64897-4B86-40DD-ACFB-DB2786DD6B8D}.Release|x64.Build.0 = Release|Any CPU
		{AFD64897-4B86-40DD-ACFB-DB2786DD6B8D}.Release|x86.ActiveCfg = Release|Any CPU
		{AFD64897-4B86-40DD-ACFB-DB2786DD6B8D}.Release|x86.Build.0 = Release|Any CPU
		{79E41668-13C2-4E01-9B21-887D4DD86951}.Debug|Any CPU.ActiveCfg = Debug|Any CPU
		{79E41668-13C2-4E01-9B21-887D4DD86951}.Debug|Any CPU.Build.0 = Debug|Any CPU
		{79E41668-13C2-4E01-9B21-887D4DD86951}.Debug|ARM32.ActiveCfg = Debug|ARM32
		{79E41668-13C2-4E01-9B21-887D4DD86951}.Debug|ARM32.Build.0 = Debug|ARM32
		{79E41668-13C2-4E01-9B21-887D4DD86951}.Debug|ARM32.Deploy.0 = Debug|ARM32
		{79E41668-13C2-4E01-9B21-887D4DD86951}.Debug|ARM64.ActiveCfg = Debug|ARM64
		{79E41668-13C2-4E01-9B21-887D4DD86951}.Debug|ARM64.Build.0 = Debug|ARM64
		{79E41668-13C2-4E01-9B21-887D4DD86951}.Debug|ARM64.Deploy.0 = Debug|ARM64
		{79E41668-13C2-4E01-9B21-887D4DD86951}.Debug|x64.ActiveCfg = Debug|x64
		{79E41668-13C2-4E01-9B21-887D4DD86951}.Debug|x64.Build.0 = Debug|x64
		{79E41668-13C2-4E01-9B21-887D4DD86951}.Debug|x64.Deploy.0 = Debug|x64
		{79E41668-13C2-4E01-9B21-887D4DD86951}.Debug|x86.ActiveCfg = Debug|x86
		{79E41668-13C2-4E01-9B21-887D4DD86951}.Debug|x86.Build.0 = Debug|x86
		{79E41668-13C2-4E01-9B21-887D4DD86951}.Debug|x86.Deploy.0 = Debug|x86
		{79E41668-13C2-4E01-9B21-887D4DD86951}.Release|Any CPU.ActiveCfg = Release|Any CPU
		{79E41668-13C2-4E01-9B21-887D4DD86951}.Release|Any CPU.Build.0 = Release|Any CPU
		{79E41668-13C2-4E01-9B21-887D4DD86951}.Release|ARM32.ActiveCfg = Release|ARM32
		{79E41668-13C2-4E01-9B21-887D4DD86951}.Release|ARM32.Build.0 = Release|ARM32
		{79E41668-13C2-4E01-9B21-887D4DD86951}.Release|ARM64.ActiveCfg = Release|ARM64
		{79E41668-13C2-4E01-9B21-887D4DD86951}.Release|ARM64.Build.0 = Release|ARM64
		{79E41668-13C2-4E01-9B21-887D4DD86951}.Release|x64.ActiveCfg = Release|x64
		{79E41668-13C2-4E01-9B21-887D4DD86951}.Release|x64.Build.0 = Release|x64
		{79E41668-13C2-4E01-9B21-887D4DD86951}.Release|x86.ActiveCfg = Release|x86
		{79E41668-13C2-4E01-9B21-887D4DD86951}.Release|x86.Build.0 = Release|x86
		{8768C4AA-4265-8C7F-5E77-7EBD5B4FD67D}.Debug|Any CPU.ActiveCfg = Debug|Any CPU
		{8768C4AA-4265-8C7F-5E77-7EBD5B4FD67D}.Debug|Any CPU.Build.0 = Debug|Any CPU
		{8768C4AA-4265-8C7F-5E77-7EBD5B4FD67D}.Debug|ARM32.ActiveCfg = Debug|Any CPU
		{8768C4AA-4265-8C7F-5E77-7EBD5B4FD67D}.Debug|ARM32.Build.0 = Debug|Any CPU
		{8768C4AA-4265-8C7F-5E77-7EBD5B4FD67D}.Debug|ARM64.ActiveCfg = Debug|Any CPU
		{8768C4AA-4265-8C7F-5E77-7EBD5B4FD67D}.Debug|ARM64.Build.0 = Debug|Any CPU
		{8768C4AA-4265-8C7F-5E77-7EBD5B4FD67D}.Debug|x64.ActiveCfg = Debug|Any CPU
		{8768C4AA-4265-8C7F-5E77-7EBD5B4FD67D}.Debug|x64.Build.0 = Debug|Any CPU
		{8768C4AA-4265-8C7F-5E77-7EBD5B4FD67D}.Debug|x86.ActiveCfg = Debug|Any CPU
		{8768C4AA-4265-8C7F-5E77-7EBD5B4FD67D}.Debug|x86.Build.0 = Debug|Any CPU
		{8768C4AA-4265-8C7F-5E77-7EBD5B4FD67D}.Release|Any CPU.ActiveCfg = Release|Any CPU
		{8768C4AA-4265-8C7F-5E77-7EBD5B4FD67D}.Release|Any CPU.Build.0 = Release|Any CPU
		{8768C4AA-4265-8C7F-5E77-7EBD5B4FD67D}.Release|ARM32.ActiveCfg = Release|Any CPU
		{8768C4AA-4265-8C7F-5E77-7EBD5B4FD67D}.Release|ARM32.Build.0 = Release|Any CPU
		{8768C4AA-4265-8C7F-5E77-7EBD5B4FD67D}.Release|ARM64.ActiveCfg = Release|Any CPU
		{8768C4AA-4265-8C7F-5E77-7EBD5B4FD67D}.Release|ARM64.Build.0 = Release|Any CPU
		{8768C4AA-4265-8C7F-5E77-7EBD5B4FD67D}.Release|x64.ActiveCfg = Release|Any CPU
		{8768C4AA-4265-8C7F-5E77-7EBD5B4FD67D}.Release|x64.Build.0 = Release|Any CPU
		{8768C4AA-4265-8C7F-5E77-7EBD5B4FD67D}.Release|x86.ActiveCfg = Release|Any CPU
		{8768C4AA-4265-8C7F-5E77-7EBD5B4FD67D}.Release|x86.Build.0 = Release|Any CPU
	EndGlobalSection
	GlobalSection(SolutionProperties) = preSolution
		HideSolutionNode = FALSE
	EndGlobalSection
	GlobalSection(ExtensibilityGlobals) = postSolution
		SolutionGuid = {A9921915-5E2A-43EB-81DC-DC7B39A88B03}
	EndGlobalSection
EndGlobal
