
Microsoft Visual Studio Solution File, Format Version 12.00
# Visual Studio Version 18
VisualStudioVersion = 18.5.11709.299 stable
MinimumVisualStudioVersion = 10.0.40219.1
Project("{FAE04EC0-301F-11D3-BF4B-00C04F79EFBC}") = "App01", "App01\App01.csproj", "{7F291780-312A-42C7-B1CF-5AD3F447FA76}"
EndProject
Project("{FAE04EC0-301F-11D3-BF4B-00C04F79EFBC}") = "App02", "App02\App02.csproj", "{F6796D2D-F43B-4166-8AB1-8E221BF6F204}"
EndProject
Project("{FAE04EC0-301F-11D3-BF4B-00C04F79EFBC}") = "App03", "App03\App03.csproj", "{19F0E2E9-E2F6-4BF5-9769-5AA968332995}"
EndProject
Project("{FAE04EC0-301F-11D3-BF4B-00C04F79EFBC}") = "App04", "App04\App04.csproj", "{46F417E2-4AAE-42DE-BF46-181D8991B389}"
EndProject
Project("{FAE04EC0-301F-11D3-BF4B-00C04F79EFBC}") = "App05", "App05\App05.csproj", "{D91B8115-49EB-4FBB-9385-6AF52465B04B}"
EndProject
Global
	GlobalSection(SolutionConfigurationPlatforms) = preSolution
		Debug|Any CPU = Debug|Any CPU
		Release|Any CPU = Release|Any CPU
	EndGlobalSection
	GlobalSection(ProjectConfigurationPlatforms) = postSolution
		{7F291780-312A-42C7-B1CF-5AD3F447FA76}.Debug|Any CPU.ActiveCfg = Debug|Any CPU
		{7F291780-312A-42C7-B1CF-5AD3F447FA76}.Debug|Any CPU.Build.0 = Debug|Any CPU
		{7F291780-312A-42C7-B1CF-5AD3F447FA76}.Release|Any CPU.ActiveCfg = Release|Any CPU
		{7F291780-312A-42C7-B1CF-5AD3F447FA76}.Release|Any CPU.Build.0 = Release|Any CPU
		{F6796D2D-F43B-4166-8AB1-8E221BF6F204}.Debug|Any CPU.ActiveCfg = Debug|Any CPU
		{F6796D2D-F43B-4166-8AB1-8E221BF6F204}.Debug|Any CPU.Build.0 = Debug|Any CPU
		{F6796D2D-F43B-4166-8AB1-8E221BF6F204}.Release|Any CPU.ActiveCfg = Release|Any CPU
		{F6796D2D-F43B-4166-8AB1-8E221BF6F204}.Release|Any CPU.Build.0 = Release|Any CPU
		{19F0E2E9-E2F6-4BF5-9769-5AA968332995}.Debug|Any CPU.ActiveCfg = Debug|Any CPU
		{19F0E2E9-E2F6-4BF5-9769-5AA968332995}.Debug|Any CPU.Build.0 = Debug|Any CPU
		{19F0E2E9-E2F6-4BF5-9769-5AA968332995}.Release|Any CPU.ActiveCfg = Release|Any CPU
		{19F0E2E9-E2F6-4BF5-9769-5AA968332995}.Release|Any CPU.Build.0 = Release|Any CPU
		{46F417E2-4AAE-42DE-BF46-181D8991B389}.Debug|Any CPU.ActiveCfg = Debug|Any CPU
		{46F417E2-4AAE-42DE-BF46-181D8991B389}.Debug|Any CPU.Build.0 = Debug|Any CPU
		{46F417E2-4AAE-42DE-BF46-181D8991B389}.Release|Any CPU.ActiveCfg = Release|Any CPU
		{46F417E2-4AAE-42DE-BF46-181D8991B389}.Release|Any CPU.Build.0 = Release|Any CPU
		{D91B8115-49EB-4FBB-9385-6AF52465B04B}.Debug|Any CPU.ActiveCfg = Debug|Any CPU
		{D91B8115-49EB-4FBB-9385-6AF52465B04B}.Debug|Any CPU.Build.0 = Debug|Any CPU
		{D91B8115-49EB-4FBB-9385-6AF52465B04B}.Release|Any CPU.ActiveCfg = Release|Any CPU
		{D91B8115-49EB-4FBB-9385-6AF52465B04B}.Release|Any CPU.Build.0 = Release|Any CPU
	EndGlobalSection
	GlobalSection(SolutionProperties) = preSolution
		HideSolutionNode = FALSE
	EndGlobalSection
	GlobalSection(ExtensibilityGlobals) = postSolution
		SolutionGuid = {A9921915-5E2A-43EB-81DC-DC7B39A88B03}
	EndGlobalSection
EndGlobal
